
Microsoft Visual Studio Solution File, Format Version 12.00
# Visual Studio Version 16
VisualStudioVersion = 16.0.32228.343
MinimumVisualStudioVersion = 10.0.40219.1
Project("{FAE04EC0-301F-11D3-BF4B-00C04F79EFBC}") = "WcfService1", "WcfService1\WcfService1.csproj", "{EA275E35-AF71-4FF4-B084-C68646005835}"
EndProject
Project("{FAE04EC0-301F-11D3-BF4B-00C04F79EFBC}") = "WcfServiceHost1", "WcfServiceHost1\WcfServiceHost1.csproj", "{A4DA7E68-73A5-4C6B-9710-0B379BA553B2}"
EndProject
Project("{FAE04EC0-301F-11D3-BF4B-00C04F79EFBC}") = "WcfServiceClient1", "WcfServiceClient1\WcfServiceClient1.csproj", "{9ECE66C1-71F6-4663-BE5D-CEC33E30CC46}"
EndProject
Global
	GlobalSection(SolutionConfigurationPlatforms) = preSolution
		Debug|Any CPU = Debug|Any CPU
		Release|Any CPU = Release|Any CPU
	EndGlobalSection
	GlobalSection(ProjectConfigurationPlatforms) = postSolution
		{EA275E35-AF71-4FF4-B084-C68646005835}.Debug|Any CPU.ActiveCfg = Debug|Any CPU
		{EA275E35-AF71-4FF4-B084-C68646005835}.Debug|Any CPU.Build.0 = Debug|Any CPU
		{EA275E35-AF71-4FF4-B084-C68646005835}.Release|Any CPU.ActiveCfg = Release|Any CPU
		{EA275E35-AF71-4FF4-B084-C68646005835}.Release|Any CPU.Build.0 = Release|Any CPU
		{A4DA7E68-73A5-4C6B-9710-0B379BA553B2}.Debug|Any CPU.ActiveCfg = Debug|Any CPU
		{A4DA7E68-73A5-4C6B-9710-0B379BA553B2}.Debug|Any CPU.Build.0 = Debug|Any CPU
		{A4DA7E68-73A5-4C6B-9710-0B379BA553B2}.Release|Any CPU.ActiveCfg = Release|Any CPU
		{A4DA7E68-73A5-4C6B-9710-0B379BA553B2}.Release|Any CPU.Build.0 = Release|Any CPU
		{9ECE66C1-71F6-4663-BE5D-CEC33E30CC46}.Debug|Any CPU.ActiveCfg = Debug|Any CPU
		{9ECE66C1-71F6-4663-BE5D-CEC33E30CC46}.Debug|Any CPU.Build.0 = Debug|Any CPU
		{9ECE66C1-71F6-4663-BE5D-CEC33E30CC46}.Release|Any CPU.ActiveCfg = Release|Any CPU
		{9ECE66C1-71F6-4663-BE5D-CEC33E30CC46}.Release|Any CPU.Build.0 = Release|Any CPU
	EndGlobalSection
	GlobalSection(SolutionProperties) = preSolution
		HideSolutionNode = FALSE
	EndGlobalSection
	GlobalSection(ExtensibilityGlobals) = postSolution
		SolutionGuid = {CBB4AEDF-E41A-41AA-9B12-0AF117EF19EC}
	EndGlobalSection
EndGlobal
